
Microsoft Visual Studio Solution File, Format Version 12.00
Project("{FAE04EC0-301F-11D3-BF4B-00C04F79EFBC}") = "PracticingDesignPatterns", "PracticingDesignPatterns\PracticingDesignPatterns.csproj", "{B60A38C3-249F-444A-A9A2-6E10883709B7}"
EndProject
Project("{2150E333-8FDC-42A3-9474-1A3956D46DE8}") = "AbstractFactory", "AbstractFactory", "{6EA5F51D-1A4C-4B26-AE96-C83AB509484A}"
EndProject
Project("{FAE04EC0-301F-11D3-BF4B-00C04F79EFBC}") = "AbstractFactory_StructuralExample", "AbstractFactory\AbstractFactory_StructuralExample\AbstractFactory_StructuralExample.csproj", "{2B4C7292-451B-4FE2-9AA9-5A83D14DC34A}"
EndProject
Project("{FAE04EC0-301F-11D3-BF4B-00C04F79EFBC}") = "AbstractFactory_RealWorldExample", "AbstractFactory\AbstractFactory_RealWorldExample\AbstractFactory_RealWorldExample.csproj", "{F1DFD579-E4F4-4710-B98D-DCE2252EE22A}"
EndProject
Project("{FAE04EC0-301F-11D3-BF4B-00C04F79EFBC}") = "AbstractFactory_PersonalExample", "AbstractFactory\AbstractFactory_PersonalExample\AbstractFactory_PersonalExample.csproj", "{24EDC850-8282-49F0-9BEA-00B27F014D99}"
EndProject
Global
	GlobalSection(SolutionConfigurationPlatforms) = preSolution
		Debug|Any CPU = Debug|Any CPU
		Release|Any CPU = Release|Any CPU
	EndGlobalSection
	GlobalSection(ProjectConfigurationPlatforms) = postSolution
		{B60A38C3-249F-444A-A9A2-6E10883709B7}.Debug|Any CPU.ActiveCfg = Debug|Any CPU
		{B60A38C3-249F-444A-A9A2-6E10883709B7}.Debug|Any CPU.Build.0 = Debug|Any CPU
		{B60A38C3-249F-444A-A9A2-6E10883709B7}.Release|Any CPU.ActiveCfg = Release|Any CPU
		{B60A38C3-249F-444A-A9A2-6E10883709B7}.Release|Any CPU.Build.0 = Release|Any CPU
		{2B4C7292-451B-4FE2-9AA9-5A83D14DC34A}.Debug|Any CPU.ActiveCfg = Debug|Any CPU
		{2B4C7292-451B-4FE2-9AA9-5A83D14DC34A}.Debug|Any CPU.Build.0 = Debug|Any CPU
		{2B4C7292-451B-4FE2-9AA9-5A83D14DC34A}.Release|Any CPU.ActiveCfg = Release|Any CPU
		{2B4C7292-451B-4FE2-9AA9-5A83D14DC34A}.Release|Any CPU.Build.0 = Release|Any CPU
		{F1DFD579-E4F4-4710-B98D-DCE2252EE22A}.Debug|Any CPU.ActiveCfg = Debug|Any CPU
		{F1DFD579-E4F4-4710-B98D-DCE2252EE22A}.Debug|Any CPU.Build.0 = Debug|Any CPU
		{F1DFD579-E4F4-4710-B98D-DCE2252EE22A}.Release|Any CPU.ActiveCfg = Release|Any CPU
		{F1DFD579-E4F4-4710-B98D-DCE2252EE22A}.Release|Any CPU.Build.0 = Release|Any CPU
		{24EDC850-8282-49F0-9BEA-00B27F014D99}.Debug|Any CPU.ActiveCfg = Debug|Any CPU
		{24EDC850-8282-49F0-9BEA-00B27F014D99}.Debug|Any CPU.Build.0 = Debug|Any CPU
		{24EDC850-8282-49F0-9BEA-00B27F014D99}.Release|Any CPU.ActiveCfg = Release|Any CPU
		{24EDC850-8282-49F0-9BEA-00B27F014D99}.Release|Any CPU.Build.0 = Release|Any CPU
	EndGlobalSection
	GlobalSection(NestedProjects) = preSolution
		{2B4C7292-451B-4FE2-9AA9-5A83D14DC34A} = {6EA5F51D-1A4C-4B26-AE96-C83AB509484A}
		{F1DFD579-E4F4-4710-B98D-DCE2252EE22A} = {6EA5F51D-1A4C-4B26-AE96-C83AB509484A}
		{24EDC850-8282-49F0-9BEA-00B27F014D99} = {6EA5F51D-1A4C-4B26-AE96-C83AB509484A}
	EndGlobalSection
EndGlobal
