
Microsoft Visual Studio Solution File, Format Version 12.00
Project("{FAE04EC0-301F-11D3-BF4B-00C04F79EFBC}") = "PracticingDesignPatterns", "PracticingDesignPatterns\PracticingDesignPatterns.csproj", "{B60A38C3-249F-444A-A9A2-6E10883709B7}"
EndProject
Project("{2150E333-8FDC-42A3-9474-1A3956D46DE8}") = "AbstractFactory", "AbstractFactory", "{6EA5F51D-1A4C-4B26-AE96-C83AB509484A}"
EndProject
Project("{FAE04EC0-301F-11D3-BF4B-00C04F79EFBC}") = "AbstractFactory_StructuralExample", "AbstractFactory\AbstractFactory_StructuralExample\AbstractFactory_StructuralExample.csproj", "{2B4C7292-451B-4FE2-9AA9-5A83D14DC34A}"
EndProject
Project("{FAE04EC0-301F-11D3-BF4B-00C04F79EFBC}") = "AbstractFactory_RealWorldExample", "AbstractFactory\AbstractFactory_RealWorldExample\AbstractFactory_RealWorldExample.csproj", "{F1DFD579-E4F4-4710-B98D-DCE2252EE22A}"
EndProject
Project("{FAE04EC0-301F-11D3-BF4B-00C04F79EFBC}") = "AbstractFactory_PersonalExample", "AbstractFactory\AbstractFactory_PersonalExample\AbstractFactory_PersonalExample.csproj", "{24EDC850-8282-49F0-9BEA-00B27F014D99}"
EndProject
Project("{2150E333-8FDC-42A3-9474-1A3956D46DE8}") = "Builder", "Builder", "{872745F1-60BB-4D52-AA78-234AD98A65AB}"
EndProject
Project("{FAE04EC0-301F-11D3-BF4B-00C04F79EFBC}") = "Builder_RealWorldExample", "Builder_RealWorldExample\Builder_RealWorldExample.csproj", "{434C8B12-ED3C-4BF8-A8A7-99E043CE3FC4}"
EndProject
Project("{FAE04EC0-301F-11D3-BF4B-00C04F79EFBC}") = "Builder_StructuralExample", "Builder_StructuralExample\Builder_StructuralExample.csproj", "{BA899321-16D7-400A-83CF-328084614963}"
EndProject
Project("{FAE04EC0-301F-11D3-BF4B-00C04F79EFBC}") = "Builder_PersonalExample", "Builder_PersonalExample\Builder_PersonalExample.csproj", "{4F6C8B44-7C14-49E2-808F-95C7AFC41782}"
EndProject
Project("{2150E333-8FDC-42A3-9474-1A3956D46DE8}") = "FactoryMethod", "FactoryMethod", "{5B323A06-B257-4AFC-83C4-B20FFCFE1CE7}"
EndProject
Project("{FAE04EC0-301F-11D3-BF4B-00C04F79EFBC}") = "FactoryMethod_PersonalExample", "FactoryMethod_PersonalExample\FactoryMethod_PersonalExample.csproj", "{8D78060D-7F7C-4E43-9687-F09F7E03BC12}"
EndProject
Project("{FAE04EC0-301F-11D3-BF4B-00C04F79EFBC}") = "FactoryMethod_RealWorldExample", "FactoryMethod_RealWorldExample\FactoryMethod_RealWorldExample.csproj", "{3D68E3B9-1A93-434D-9419-B8F47E6F64CF}"
EndProject
Project("{FAE04EC0-301F-11D3-BF4B-00C04F79EFBC}") = "FactoryMethod_StructuralExample", "FactoryMethod_StructuralExample\FactoryMethod_StructuralExample.csproj", "{26A7D3A1-74FC-4312-B755-EDEAF78E8E52}"
EndProject
Project("{2150E333-8FDC-42A3-9474-1A3956D46DE8}") = "Prototype", "Prototype", "{46C6519B-2803-407A-855C-7368EFF8AF70}"
EndProject
Project("{FAE04EC0-301F-11D3-BF4B-00C04F79EFBC}") = "Prototype_PersonalExample", "Prototype_PersonalExample\Prototype_PersonalExample.csproj", "{A53ED7DC-CE8D-4B3B-8CDD-B1D31302D084}"
EndProject
Project("{FAE04EC0-301F-11D3-BF4B-00C04F79EFBC}") = "Prototype_StructuralExample", "Prototype_StructuralExample\Prototype_StructuralExample.csproj", "{05FF7BCC-CBAF-4D7E-BDD6-B1A54417ECF8}"
EndProject
Project("{FAE04EC0-301F-11D3-BF4B-00C04F79EFBC}") = "Prototype_RealWorldExample", "Prototype_RealWorldExample\Prototype_RealWorldExample.csproj", "{3ACD7FB2-F70D-49C4-B596-9AA7FA0B6470}"
EndProject
Project("{2150E333-8FDC-42A3-9474-1A3956D46DE8}") = "Singleton", "Singleton", "{716A862D-57AD-47B8-9338-8847A4B7F39F}"
EndProject
Project("{FAE04EC0-301F-11D3-BF4B-00C04F79EFBC}") = "Singleton_StructuralExample", "Singleton_StructuralExample\Singleton_StructuralExample.csproj", "{581B81D1-3C02-4659-8768-FEF579172B21}"
EndProject
Project("{FAE04EC0-301F-11D3-BF4B-00C04F79EFBC}") = "Singleton_RealWorldExample", "Singleton_RealWorldExample\Singleton_RealWorldExample.csproj", "{EF8E03B5-0E8C-4B03-ADB4-77ACB1C4CA85}"
EndProject
Project("{FAE04EC0-301F-11D3-BF4B-00C04F79EFBC}") = "Singleton_PersonalExample", "Singleton_PersonalExample\Singleton_PersonalExample.csproj", "{AE4478A1-8089-4775-8B8A-43EC996FE90E}"
EndProject
Project("{2150E333-8FDC-42A3-9474-1A3956D46DE8}") = "Adapter", "Adapter", "{D06F9D94-AF1C-43CD-8392-F2211CD80FFB}"
EndProject
Project("{FAE04EC0-301F-11D3-BF4B-00C04F79EFBC}") = "Adapter_RealWorldExample", "Adapter_RealWorldExample\Adapter_RealWorldExample.csproj", "{3735E7FA-3A47-41F3-887A-3632F6B263B3}"
EndProject
Project("{FAE04EC0-301F-11D3-BF4B-00C04F79EFBC}") = "Adapter_StructuralExample", "Adapter_StructuralExample\Adapter_StructuralExample.csproj", "{D8A05D19-5FF9-4575-AE5D-65B5ADF2D923}"
EndProject
Project("{FAE04EC0-301F-11D3-BF4B-00C04F79EFBC}") = "Adapter_PersonalExample", "Adapter_PersonalExample\Adapter_PersonalExample.csproj", "{0EE93C22-3B9F-4526-997A-F5923947158A}"
EndProject
Project("{2150E333-8FDC-42A3-9474-1A3956D46DE8}") = "Bridge", "Bridge", "{CAB0F51F-9C80-4EBA-90FD-AAF93037C993}"
EndProject
Project("{FAE04EC0-301F-11D3-BF4B-00C04F79EFBC}") = "Bridge_PersonalExample", "Bridge_PersonalExample\Bridge_PersonalExample.csproj", "{8F280312-4B04-496F-93B3-1E009FD5BE88}"
EndProject
Project("{FAE04EC0-301F-11D3-BF4B-00C04F79EFBC}") = "Bridge_StructuralExample", "Bridge_StructuralExample\Bridge_StructuralExample.csproj", "{2994C9DC-53D9-4371-BD9D-1562397BA30D}"
EndProject
Project("{FAE04EC0-301F-11D3-BF4B-00C04F79EFBC}") = "Bridge_RealWorldExample", "Bridge_RealWorldExample\Bridge_RealWorldExample.csproj", "{E521281F-9024-49A9-902F-43F4BB15F98B}"
EndProject
Project("{2150E333-8FDC-42A3-9474-1A3956D46DE8}") = "Composite", "Composite", "{9C201B50-CB39-42DF-9287-A8C73E0435CC}"
EndProject
Project("{FAE04EC0-301F-11D3-BF4B-00C04F79EFBC}") = "Composite_PersonalExample", "Composite_PersonalExample\Composite_PersonalExample.csproj", "{9EEAB62E-A740-47CA-AF5B-AC558774831E}"
EndProject
Project("{FAE04EC0-301F-11D3-BF4B-00C04F79EFBC}") = "Composite_RealWorldExample", "Composite_RealWorldExample\Composite_RealWorldExample.csproj", "{DE9A3551-123D-47F4-A638-BB2A45072FC5}"
EndProject
Project("{FAE04EC0-301F-11D3-BF4B-00C04F79EFBC}") = "Composite_StructuralExample", "Composite_StructuralExample\Composite_StructuralExample.csproj", "{E9ABF4A0-3502-438F-BFED-199DD5B63260}"
EndProject
Project("{2150E333-8FDC-42A3-9474-1A3956D46DE8}") = "Decorator", "Decorator", "{41445D91-32EF-4864-A987-24D64EC2324B}"
EndProject
Project("{FAE04EC0-301F-11D3-BF4B-00C04F79EFBC}") = "Decorator_RealWorldExample", "Decorator_RealWorldExample\Decorator_RealWorldExample.csproj", "{4A4B81FB-DBC3-491C-A332-0FB20B3B7DD2}"
EndProject
Project("{FAE04EC0-301F-11D3-BF4B-00C04F79EFBC}") = "Decorator_PersonalExample", "Decorator_PersonalExample\Decorator_PersonalExample.csproj", "{C9820A0C-EC7C-4E6F-ACC7-885BF474E080}"
EndProject
Project("{FAE04EC0-301F-11D3-BF4B-00C04F79EFBC}") = "Decorator_StructuralExample", "Decorator_StructuralExample\Decorator_StructuralExample.csproj", "{4802B09A-CD82-4F13-8C5C-B652671E4D46}"
EndProject
Project("{2150E333-8FDC-42A3-9474-1A3956D46DE8}") = "Facade", "Facade", "{6342ED22-CBC8-489D-B210-CFB702C3B8A6}"
EndProject
Project("{FAE04EC0-301F-11D3-BF4B-00C04F79EFBC}") = "Facade_PersonalExample", "Facade_PersonalExample\Facade_PersonalExample.csproj", "{61899D03-0E8D-4247-8F2E-E544DA20029E}"
EndProject
Project("{FAE04EC0-301F-11D3-BF4B-00C04F79EFBC}") = "Facade_StructuralExample", "Facade_StructuralExample\Facade_StructuralExample.csproj", "{F8F8030E-6B7B-4B86-8629-93FDD39D74B7}"
EndProject
Project("{FAE04EC0-301F-11D3-BF4B-00C04F79EFBC}") = "Facade_RealWorldExample", "Facade_RealWorldExample\Facade_RealWorldExample.csproj", "{60E1F431-67C2-469A-8A0A-49C939F85896}"
EndProject
Global
	GlobalSection(SolutionConfigurationPlatforms) = preSolution
		Debug|Any CPU = Debug|Any CPU
		Release|Any CPU = Release|Any CPU
	EndGlobalSection
	GlobalSection(ProjectConfigurationPlatforms) = postSolution
		{B60A38C3-249F-444A-A9A2-6E10883709B7}.Debug|Any CPU.ActiveCfg = Debug|Any CPU
		{B60A38C3-249F-444A-A9A2-6E10883709B7}.Debug|Any CPU.Build.0 = Debug|Any CPU
		{B60A38C3-249F-444A-A9A2-6E10883709B7}.Release|Any CPU.ActiveCfg = Release|Any CPU
		{B60A38C3-249F-444A-A9A2-6E10883709B7}.Release|Any CPU.Build.0 = Release|Any CPU
		{2B4C7292-451B-4FE2-9AA9-5A83D14DC34A}.Debug|Any CPU.ActiveCfg = Debug|Any CPU
		{2B4C7292-451B-4FE2-9AA9-5A83D14DC34A}.Debug|Any CPU.Build.0 = Debug|Any CPU
		{2B4C7292-451B-4FE2-9AA9-5A83D14DC34A}.Release|Any CPU.ActiveCfg = Release|Any CPU
		{2B4C7292-451B-4FE2-9AA9-5A83D14DC34A}.Release|Any CPU.Build.0 = Release|Any CPU
		{F1DFD579-E4F4-4710-B98D-DCE2252EE22A}.Debug|Any CPU.ActiveCfg = Debug|Any CPU
		{F1DFD579-E4F4-4710-B98D-DCE2252EE22A}.Debug|Any CPU.Build.0 = Debug|Any CPU
		{F1DFD579-E4F4-4710-B98D-DCE2252EE22A}.Release|Any CPU.ActiveCfg = Release|Any CPU
		{F1DFD579-E4F4-4710-B98D-DCE2252EE22A}.Release|Any CPU.Build.0 = Release|Any CPU
		{24EDC850-8282-49F0-9BEA-00B27F014D99}.Debug|Any CPU.ActiveCfg = Debug|Any CPU
		{24EDC850-8282-49F0-9BEA-00B27F014D99}.Debug|Any CPU.Build.0 = Debug|Any CPU
		{24EDC850-8282-49F0-9BEA-00B27F014D99}.Release|Any CPU.ActiveCfg = Release|Any CPU
		{24EDC850-8282-49F0-9BEA-00B27F014D99}.Release|Any CPU.Build.0 = Release|Any CPU
		{434C8B12-ED3C-4BF8-A8A7-99E043CE3FC4}.Debug|Any CPU.ActiveCfg = Debug|Any CPU
		{434C8B12-ED3C-4BF8-A8A7-99E043CE3FC4}.Debug|Any CPU.Build.0 = Debug|Any CPU
		{434C8B12-ED3C-4BF8-A8A7-99E043CE3FC4}.Release|Any CPU.ActiveCfg = Release|Any CPU
		{434C8B12-ED3C-4BF8-A8A7-99E043CE3FC4}.Release|Any CPU.Build.0 = Release|Any CPU
		{BA899321-16D7-400A-83CF-328084614963}.Debug|Any CPU.ActiveCfg = Debug|Any CPU
		{BA899321-16D7-400A-83CF-328084614963}.Debug|Any CPU.Build.0 = Debug|Any CPU
		{BA899321-16D7-400A-83CF-328084614963}.Release|Any CPU.ActiveCfg = Release|Any CPU
		{BA899321-16D7-400A-83CF-328084614963}.Release|Any CPU.Build.0 = Release|Any CPU
		{4F6C8B44-7C14-49E2-808F-95C7AFC41782}.Debug|Any CPU.ActiveCfg = Debug|Any CPU
		{4F6C8B44-7C14-49E2-808F-95C7AFC41782}.Debug|Any CPU.Build.0 = Debug|Any CPU
		{4F6C8B44-7C14-49E2-808F-95C7AFC41782}.Release|Any CPU.ActiveCfg = Release|Any CPU
		{4F6C8B44-7C14-49E2-808F-95C7AFC41782}.Release|Any CPU.Build.0 = Release|Any CPU
		{8D78060D-7F7C-4E43-9687-F09F7E03BC12}.Debug|Any CPU.ActiveCfg = Debug|Any CPU
		{8D78060D-7F7C-4E43-9687-F09F7E03BC12}.Debug|Any CPU.Build.0 = Debug|Any CPU
		{8D78060D-7F7C-4E43-9687-F09F7E03BC12}.Release|Any CPU.ActiveCfg = Release|Any CPU
		{8D78060D-7F7C-4E43-9687-F09F7E03BC12}.Release|Any CPU.Build.0 = Release|Any CPU
		{3D68E3B9-1A93-434D-9419-B8F47E6F64CF}.Debug|Any CPU.ActiveCfg = Debug|Any CPU
		{3D68E3B9-1A93-434D-9419-B8F47E6F64CF}.Debug|Any CPU.Build.0 = Debug|Any CPU
		{3D68E3B9-1A93-434D-9419-B8F47E6F64CF}.Release|Any CPU.ActiveCfg = Release|Any CPU
		{3D68E3B9-1A93-434D-9419-B8F47E6F64CF}.Release|Any CPU.Build.0 = Release|Any CPU
		{26A7D3A1-74FC-4312-B755-EDEAF78E8E52}.Debug|Any CPU.ActiveCfg = Debug|Any CPU
		{26A7D3A1-74FC-4312-B755-EDEAF78E8E52}.Debug|Any CPU.Build.0 = Debug|Any CPU
		{26A7D3A1-74FC-4312-B755-EDEAF78E8E52}.Release|Any CPU.ActiveCfg = Release|Any CPU
		{26A7D3A1-74FC-4312-B755-EDEAF78E8E52}.Release|Any CPU.Build.0 = Release|Any CPU
		{A53ED7DC-CE8D-4B3B-8CDD-B1D31302D084}.Debug|Any CPU.ActiveCfg = Debug|Any CPU
		{A53ED7DC-CE8D-4B3B-8CDD-B1D31302D084}.Debug|Any CPU.Build.0 = Debug|Any CPU
		{A53ED7DC-CE8D-4B3B-8CDD-B1D31302D084}.Release|Any CPU.ActiveCfg = Release|Any CPU
		{A53ED7DC-CE8D-4B3B-8CDD-B1D31302D084}.Release|Any CPU.Build.0 = Release|Any CPU
		{05FF7BCC-CBAF-4D7E-BDD6-B1A54417ECF8}.Debug|Any CPU.ActiveCfg = Debug|Any CPU
		{05FF7BCC-CBAF-4D7E-BDD6-B1A54417ECF8}.Debug|Any CPU.Build.0 = Debug|Any CPU
		{05FF7BCC-CBAF-4D7E-BDD6-B1A54417ECF8}.Release|Any CPU.ActiveCfg = Release|Any CPU
		{05FF7BCC-CBAF-4D7E-BDD6-B1A54417ECF8}.Release|Any CPU.Build.0 = Release|Any CPU
		{3ACD7FB2-F70D-49C4-B596-9AA7FA0B6470}.Debug|Any CPU.ActiveCfg = Debug|Any CPU
		{3ACD7FB2-F70D-49C4-B596-9AA7FA0B6470}.Debug|Any CPU.Build.0 = Debug|Any CPU
		{3ACD7FB2-F70D-49C4-B596-9AA7FA0B6470}.Release|Any CPU.ActiveCfg = Release|Any CPU
		{3ACD7FB2-F70D-49C4-B596-9AA7FA0B6470}.Release|Any CPU.Build.0 = Release|Any CPU
		{581B81D1-3C02-4659-8768-FEF579172B21}.Debug|Any CPU.ActiveCfg = Debug|Any CPU
		{581B81D1-3C02-4659-8768-FEF579172B21}.Debug|Any CPU.Build.0 = Debug|Any CPU
		{581B81D1-3C02-4659-8768-FEF579172B21}.Release|Any CPU.ActiveCfg = Release|Any CPU
		{581B81D1-3C02-4659-8768-FEF579172B21}.Release|Any CPU.Build.0 = Release|Any CPU
		{EF8E03B5-0E8C-4B03-ADB4-77ACB1C4CA85}.Debug|Any CPU.ActiveCfg = Debug|Any CPU
		{EF8E03B5-0E8C-4B03-ADB4-77ACB1C4CA85}.Debug|Any CPU.Build.0 = Debug|Any CPU
		{EF8E03B5-0E8C-4B03-ADB4-77ACB1C4CA85}.Release|Any CPU.ActiveCfg = Release|Any CPU
		{EF8E03B5-0E8C-4B03-ADB4-77ACB1C4CA85}.Release|Any CPU.Build.0 = Release|Any CPU
		{AE4478A1-8089-4775-8B8A-43EC996FE90E}.Debug|Any CPU.ActiveCfg = Debug|Any CPU
		{AE4478A1-8089-4775-8B8A-43EC996FE90E}.Debug|Any CPU.Build.0 = Debug|Any CPU
		{AE4478A1-8089-4775-8B8A-43EC996FE90E}.Release|Any CPU.ActiveCfg = Release|Any CPU
		{AE4478A1-8089-4775-8B8A-43EC996FE90E}.Release|Any CPU.Build.0 = Release|Any CPU
		{3735E7FA-3A47-41F3-887A-3632F6B263B3}.Debug|Any CPU.ActiveCfg = Debug|Any CPU
		{3735E7FA-3A47-41F3-887A-3632F6B263B3}.Debug|Any CPU.Build.0 = Debug|Any CPU
		{3735E7FA-3A47-41F3-887A-3632F6B263B3}.Release|Any CPU.ActiveCfg = Release|Any CPU
		{3735E7FA-3A47-41F3-887A-3632F6B263B3}.Release|Any CPU.Build.0 = Release|Any CPU
		{D8A05D19-5FF9-4575-AE5D-65B5ADF2D923}.Debug|Any CPU.ActiveCfg = Debug|Any CPU
		{D8A05D19-5FF9-4575-AE5D-65B5ADF2D923}.Debug|Any CPU.Build.0 = Debug|Any CPU
		{D8A05D19-5FF9-4575-AE5D-65B5ADF2D923}.Release|Any CPU.ActiveCfg = Release|Any CPU
		{D8A05D19-5FF9-4575-AE5D-65B5ADF2D923}.Release|Any CPU.Build.0 = Release|Any CPU
		{0EE93C22-3B9F-4526-997A-F5923947158A}.Debug|Any CPU.ActiveCfg = Debug|Any CPU
		{0EE93C22-3B9F-4526-997A-F5923947158A}.Debug|Any CPU.Build.0 = Debug|Any CPU
		{0EE93C22-3B9F-4526-997A-F5923947158A}.Release|Any CPU.ActiveCfg = Release|Any CPU
		{0EE93C22-3B9F-4526-997A-F5923947158A}.Release|Any CPU.Build.0 = Release|Any CPU
		{8F280312-4B04-496F-93B3-1E009FD5BE88}.Debug|Any CPU.ActiveCfg = Debug|Any CPU
		{8F280312-4B04-496F-93B3-1E009FD5BE88}.Debug|Any CPU.Build.0 = Debug|Any CPU
		{8F280312-4B04-496F-93B3-1E009FD5BE88}.Release|Any CPU.ActiveCfg = Release|Any CPU
		{8F280312-4B04-496F-93B3-1E009FD5BE88}.Release|Any CPU.Build.0 = Release|Any CPU
		{2994C9DC-53D9-4371-BD9D-1562397BA30D}.Debug|Any CPU.ActiveCfg = Debug|Any CPU
		{2994C9DC-53D9-4371-BD9D-1562397BA30D}.Debug|Any CPU.Build.0 = Debug|Any CPU
		{2994C9DC-53D9-4371-BD9D-1562397BA30D}.Release|Any CPU.ActiveCfg = Release|Any CPU
		{2994C9DC-53D9-4371-BD9D-1562397BA30D}.Release|Any CPU.Build.0 = Release|Any CPU
		{E521281F-9024-49A9-902F-43F4BB15F98B}.Debug|Any CPU.ActiveCfg = Debug|Any CPU
		{E521281F-9024-49A9-902F-43F4BB15F98B}.Debug|Any CPU.Build.0 = Debug|Any CPU
		{E521281F-9024-49A9-902F-43F4BB15F98B}.Release|Any CPU.ActiveCfg = Release|Any CPU
		{E521281F-9024-49A9-902F-43F4BB15F98B}.Release|Any CPU.Build.0 = Release|Any CPU
		{9EEAB62E-A740-47CA-AF5B-AC558774831E}.Debug|Any CPU.ActiveCfg = Debug|Any CPU
		{9EEAB62E-A740-47CA-AF5B-AC558774831E}.Debug|Any CPU.Build.0 = Debug|Any CPU
		{9EEAB62E-A740-47CA-AF5B-AC558774831E}.Release|Any CPU.ActiveCfg = Release|Any CPU
		{9EEAB62E-A740-47CA-AF5B-AC558774831E}.Release|Any CPU.Build.0 = Release|Any CPU
		{DE9A3551-123D-47F4-A638-BB2A45072FC5}.Debug|Any CPU.ActiveCfg = Debug|Any CPU
		{DE9A3551-123D-47F4-A638-BB2A45072FC5}.Debug|Any CPU.Build.0 = Debug|Any CPU
		{DE9A3551-123D-47F4-A638-BB2A45072FC5}.Release|Any CPU.ActiveCfg = Release|Any CPU
		{DE9A3551-123D-47F4-A638-BB2A45072FC5}.Release|Any CPU.Build.0 = Release|Any CPU
		{E9ABF4A0-3502-438F-BFED-199DD5B63260}.Debug|Any CPU.ActiveCfg = Debug|Any CPU
		{E9ABF4A0-3502-438F-BFED-199DD5B63260}.Debug|Any CPU.Build.0 = Debug|Any CPU
		{E9ABF4A0-3502-438F-BFED-199DD5B63260}.Release|Any CPU.ActiveCfg = Release|Any CPU
		{E9ABF4A0-3502-438F-BFED-199DD5B63260}.Release|Any CPU.Build.0 = Release|Any CPU
		{4A4B81FB-DBC3-491C-A332-0FB20B3B7DD2}.Debug|Any CPU.ActiveCfg = Debug|Any CPU
		{4A4B81FB-DBC3-491C-A332-0FB20B3B7DD2}.Debug|Any CPU.Build.0 = Debug|Any CPU
		{4A4B81FB-DBC3-491C-A332-0FB20B3B7DD2}.Release|Any CPU.ActiveCfg = Release|Any CPU
		{4A4B81FB-DBC3-491C-A332-0FB20B3B7DD2}.Release|Any CPU.Build.0 = Release|Any CPU
		{C9820A0C-EC7C-4E6F-ACC7-885BF474E080}.Debug|Any CPU.ActiveCfg = Debug|Any CPU
		{C9820A0C-EC7C-4E6F-ACC7-885BF474E080}.Debug|Any CPU.Build.0 = Debug|Any CPU
		{C9820A0C-EC7C-4E6F-ACC7-885BF474E080}.Release|Any CPU.ActiveCfg = Release|Any CPU
		{C9820A0C-EC7C-4E6F-ACC7-885BF474E080}.Release|Any CPU.Build.0 = Release|Any CPU
		{4802B09A-CD82-4F13-8C5C-B652671E4D46}.Debug|Any CPU.ActiveCfg = Debug|Any CPU
		{4802B09A-CD82-4F13-8C5C-B652671E4D46}.Debug|Any CPU.Build.0 = Debug|Any CPU
		{4802B09A-CD82-4F13-8C5C-B652671E4D46}.Release|Any CPU.ActiveCfg = Release|Any CPU
		{4802B09A-CD82-4F13-8C5C-B652671E4D46}.Release|Any CPU.Build.0 = Release|Any CPU
		{61899D03-0E8D-4247-8F2E-E544DA20029E}.Debug|Any CPU.ActiveCfg = Debug|Any CPU
		{61899D03-0E8D-4247-8F2E-E544DA20029E}.Debug|Any CPU.Build.0 = Debug|Any CPU
		{61899D03-0E8D-4247-8F2E-E544DA20029E}.Release|Any CPU.ActiveCfg = Release|Any CPU
		{61899D03-0E8D-4247-8F2E-E544DA20029E}.Release|Any CPU.Build.0 = Release|Any CPU
		{F8F8030E-6B7B-4B86-8629-93FDD39D74B7}.Debug|Any CPU.ActiveCfg = Debug|Any CPU
		{F8F8030E-6B7B-4B86-8629-93FDD39D74B7}.Debug|Any CPU.Build.0 = Debug|Any CPU
		{F8F8030E-6B7B-4B86-8629-93FDD39D74B7}.Release|Any CPU.ActiveCfg = Release|Any CPU
		{F8F8030E-6B7B-4B86-8629-93FDD39D74B7}.Release|Any CPU.Build.0 = Release|Any CPU
		{60E1F431-67C2-469A-8A0A-49C939F85896}.Debug|Any CPU.ActiveCfg = Debug|Any CPU
		{60E1F431-67C2-469A-8A0A-49C939F85896}.Debug|Any CPU.Build.0 = Debug|Any CPU
		{60E1F431-67C2-469A-8A0A-49C939F85896}.Release|Any CPU.ActiveCfg = Release|Any CPU
		{60E1F431-67C2-469A-8A0A-49C939F85896}.Release|Any CPU.Build.0 = Release|Any CPU
	EndGlobalSection
	GlobalSection(NestedProjects) = preSolution
		{2B4C7292-451B-4FE2-9AA9-5A83D14DC34A} = {6EA5F51D-1A4C-4B26-AE96-C83AB509484A}
		{F1DFD579-E4F4-4710-B98D-DCE2252EE22A} = {6EA5F51D-1A4C-4B26-AE96-C83AB509484A}
		{24EDC850-8282-49F0-9BEA-00B27F014D99} = {6EA5F51D-1A4C-4B26-AE96-C83AB509484A}
		{434C8B12-ED3C-4BF8-A8A7-99E043CE3FC4} = {872745F1-60BB-4D52-AA78-234AD98A65AB}
		{BA899321-16D7-400A-83CF-328084614963} = {872745F1-60BB-4D52-AA78-234AD98A65AB}
		{4F6C8B44-7C14-49E2-808F-95C7AFC41782} = {872745F1-60BB-4D52-AA78-234AD98A65AB}
		{8D78060D-7F7C-4E43-9687-F09F7E03BC12} = {5B323A06-B257-4AFC-83C4-B20FFCFE1CE7}
		{3D68E3B9-1A93-434D-9419-B8F47E6F64CF} = {5B323A06-B257-4AFC-83C4-B20FFCFE1CE7}
		{26A7D3A1-74FC-4312-B755-EDEAF78E8E52} = {5B323A06-B257-4AFC-83C4-B20FFCFE1CE7}
		{A53ED7DC-CE8D-4B3B-8CDD-B1D31302D084} = {46C6519B-2803-407A-855C-7368EFF8AF70}
		{05FF7BCC-CBAF-4D7E-BDD6-B1A54417ECF8} = {46C6519B-2803-407A-855C-7368EFF8AF70}
		{3ACD7FB2-F70D-49C4-B596-9AA7FA0B6470} = {46C6519B-2803-407A-855C-7368EFF8AF70}
		{581B81D1-3C02-4659-8768-FEF579172B21} = {716A862D-57AD-47B8-9338-8847A4B7F39F}
		{EF8E03B5-0E8C-4B03-ADB4-77ACB1C4CA85} = {716A862D-57AD-47B8-9338-8847A4B7F39F}
		{AE4478A1-8089-4775-8B8A-43EC996FE90E} = {716A862D-57AD-47B8-9338-8847A4B7F39F}
		{3735E7FA-3A47-41F3-887A-3632F6B263B3} = {D06F9D94-AF1C-43CD-8392-F2211CD80FFB}
		{D8A05D19-5FF9-4575-AE5D-65B5ADF2D923} = {D06F9D94-AF1C-43CD-8392-F2211CD80FFB}
		{0EE93C22-3B9F-4526-997A-F5923947158A} = {D06F9D94-AF1C-43CD-8392-F2211CD80FFB}
		{8F280312-4B04-496F-93B3-1E009FD5BE88} = {CAB0F51F-9C80-4EBA-90FD-AAF93037C993}
		{2994C9DC-53D9-4371-BD9D-1562397BA30D} = {CAB0F51F-9C80-4EBA-90FD-AAF93037C993}
		{E521281F-9024-49A9-902F-43F4BB15F98B} = {CAB0F51F-9C80-4EBA-90FD-AAF93037C993}
		{9EEAB62E-A740-47CA-AF5B-AC558774831E} = {9C201B50-CB39-42DF-9287-A8C73E0435CC}
		{DE9A3551-123D-47F4-A638-BB2A45072FC5} = {9C201B50-CB39-42DF-9287-A8C73E0435CC}
		{E9ABF4A0-3502-438F-BFED-199DD5B63260} = {9C201B50-CB39-42DF-9287-A8C73E0435CC}
		{4A4B81FB-DBC3-491C-A332-0FB20B3B7DD2} = {41445D91-32EF-4864-A987-24D64EC2324B}
		{C9820A0C-EC7C-4E6F-ACC7-885BF474E080} = {41445D91-32EF-4864-A987-24D64EC2324B}
		{4802B09A-CD82-4F13-8C5C-B652671E4D46} = {41445D91-32EF-4864-A987-24D64EC2324B}
		{61899D03-0E8D-4247-8F2E-E544DA20029E} = {6342ED22-CBC8-489D-B210-CFB702C3B8A6}
		{F8F8030E-6B7B-4B86-8629-93FDD39D74B7} = {6342ED22-CBC8-489D-B210-CFB702C3B8A6}
		{60E1F431-67C2-469A-8A0A-49C939F85896} = {6342ED22-CBC8-489D-B210-CFB702C3B8A6}
	EndGlobalSection
EndGlobal
